// !$*UTF8*$!
{
	archiveVersion = 1;
	classes = {
	};
	objectVersion = 46;
	objects = {

/* Begin PBXBuildFile section */
		4FF08E8D1D1D5827007010D2 /* AppDelegate.swift in Sources */ = {isa = PBXBuildFile; fileRef = 4FF08E8C1D1D5827007010D2 /* AppDelegate.swift */; };
		4FF08E8F1D1D5827007010D2 /* ViewController.swift in Sources */ = {isa = PBXBuildFile; fileRef = 4FF08E8E1D1D5827007010D2 /* ViewController.swift */; };
		4FF08E921D1D5827007010D2 /* Main.storyboard in Resources */ = {isa = PBXBuildFile; fileRef = 4FF08E901D1D5827007010D2 /* Main.storyboard */; };
		4FF08E941D1D5827007010D2 /* Assets.xcassets in Resources */ = {isa = PBXBuildFile; fileRef = 4FF08E931D1D5827007010D2 /* Assets.xcassets */; };
		4FF08E971D1D5827007010D2 /* LaunchScreen.storyboard in Resources */ = {isa = PBXBuildFile; fileRef = 4FF08E951D1D5827007010D2 /* LaunchScreen.storyboard */; };
/* End PBXBuildFile section */

/* Begin PBXFileReference section */
		4FF08E891D1D5827007010D2 /* GcellExampleFrameworkUse.app */ = {isa = PBXFileReference; explicitFileType = wrapper.application; includeInIndex = 0; path = GcellExampleFrameworkUse.app; sourceTree = BUILT_PRODUCTS_DIR; };
		4FF08E8C1D1D5827007010D2 /* AppDelegate.swift */ = {isa = PBXFileReference; lastKnownFileType = sourcecode.swift; path = AppDelegate.swift; sourceTree = "<group>"; };
		4FF08E8E1D1D5827007010D2 /* ViewController.swift */ = {isa = PBXFileReference; lastKnownFileType = sourcecode.swift; path = ViewController.swift; sourceTree = "<group>"; };
		4FF08E911D1D5827007010D2 /* Base */ = {isa = PBXFileReference; lastKnownFileType = file.storyboard; name = Base; path = Base.lproj/Main.storyboard; sourceTree = "<group>"; };
		4FF08E931D1D5827007010D2 /* Assets.xcassets */ = {isa = PBXFileReference; lastKnownFileType = folder.assetcatalog; path = Assets.xcassets; sourceTree = "<group>"; };
		4FF08E961D1D5827007010D2 /* Base */ = {isa = PBXFileReference; lastKnownFileType = file.storyboard; name = Base; path = Base.lproj/LaunchScreen.storyboard; sourceTree = "<group>"; };
		4FF08E981D1D5827007010D2 /* Info.plist */ = {isa = PBXFileReference; lastKnownFileType = text.plist.xml; path = Info.plist; sourceTree = "<group>"; };
/* End PBXFileReference section */

/* Begin PBXFrameworksBuildPhase section */
		4FF08E861D1D5827007010D2 /* Frameworks */ = {
			isa = PBXFrameworksBuildPhase;
			buildActionMask = 2147483647;
			files = (
			);
			runOnlyForDeploymentPostprocessing = 0;
		};
/* End PBXFrameworksBuildPhase section */

/* Begin PBXGroup section */
		4FF08E801D1D5827007010D2 = {
			isa = PBXGroup;
			children = (
				4FF08E8B1D1D5827007010D2 /* GcellExampleFrameworkUse */,
				4FF08E8A1D1D5827007010D2 /* Products */,
			);
			sourceTree = "<group>";
		};
		4FF08E8A1D1D5827007010D2 /* Products */ = {
			isa = PBXGroup;
			children = (
				4FF08E891D1D5827007010D2 /* GcellExampleFrameworkUse.app */,
			);
			name = Products;
			sourceTree = "<group>";
		};
		4FF08E8B1D1D5827007010D2 /* GcellExampleFrameworkUse */ = {
			isa = PBXGroup;
			children = (
				4FF08E8C1D1D5827007010D2 /* AppDelegate.swift */,
				4FF08E8E1D1D5827007010D2 /* ViewController.swift */,
				4FF08E901D1D5827007010D2 /* Main.storyboard */,
				4FF08E931D1D5827007010D2 /* Assets.xcassets */,
				4FF08E951D1D5827007010D2 /* LaunchScreen.storyboard */,
				4FF08E981D1D5827007010D2 /* Info.plist */,
			);
			path = GcellExampleFrameworkUse;
			sourceTree = "<group>";
		};
/* End PBXGroup section */

/* Begin PBXNativeTarget section */
		4FF08E881D1D5827007010D2 /* GcellExampleFrameworkUse */ = {
			isa = PBXNativeTarget;
			buildConfigurationList = 4FF08E9B1D1D5827007010D2 /* Build configuration list for PBXNativeTarget "GcellExampleFrameworkUse" */;
			buildPhases = (
				4FF08E851D1D5827007010D2 /* Sources */,
				4FF08E861D1D5827007010D2 /* Frameworks */,
				4FF08E871D1D5827007010D2 /* Resources */,
			);
			buildRules = (
			);
			dependencies = (
			);
			name = GcellExampleFrameworkUse;
			productName = GcellExampleFrameworkUse;
			productReference = 4FF08E891D1D5827007010D2 /* GcellExampleFrameworkUse.app */;
			productType = "com.apple.product-type.application";
		};
/* End PBXNativeTarget section */

/* Begin PBXProject section */
		4FF08E811D1D5827007010D2 /* Project object */ = {
			isa = PBXProject;
			attributes = {
				LastSwiftUpdateCheck = 0730;
				LastUpgradeCheck = 0730;
				ORGANIZATIONNAME = "G24 Power Ltd David Pugh";
				TargetAttributes = {
					4FF08E881D1D5827007010D2 = {
						CreatedOnToolsVersion = 7.3.1;
					};
				};
			};
			buildConfigurationList = 4FF08E841D1D5827007010D2 /* Build configuration list for PBXProject "GcellExampleFrameworkUse" */;
			compatibilityVersion = "Xcode 3.2";
			developmentRegion = English;
			hasScannedForEncodings = 0;
			knownRegions = (
				en,
				Base,
			);
			mainGroup = 4FF08E801D1D5827007010D2;
			productRefGroup = 4FF08E8A1D1D5827007010D2 /* Products */;
			projectDirPath = "";
			projectRoot = "";
			targets = (
				4FF08E881D1D5827007010D2 /* GcellExampleFrameworkUse */,
			);
		};
/* End PBXProject section */

/* Begin PBXResourcesBuildPhase section */
		4FF08E871D1D5827007010D2 /* Resources */ = {
			isa = PBXResourcesBuildPhase;
			buildActionMask = 2147483647;
			files = (
				4FF08E971D1D5827007010D2 /* LaunchScreen.storyboard in Resources */,
				4FF08E941D1D5827007010D2 /* Assets.xcassets in Resources */,
				4FF08E921D1D5827007010D2 /* Main.storyboard in Resources */,
			);
			runOnlyForDeploymentPostprocessing = 0;
		};
/* End PBXResourcesBuildPhase section */

/* Begin PBXSourcesBuildPhase section */
		4FF08E851D1D5827007010D2 /* Sources */ = {
			isa = PBXSourcesBuildPhase;
			buildActionMask = 2147483647;
			files = (
				4FF08E8F1D1D5827007010D2 /* ViewController.swift in Sources */,
				4FF08E8D1D1D5827007010D2 /* AppDelegate.swift in Sources */,
			);
			runOnlyForDeploymentPostprocessing = 0;
		};
/* End PBXSourcesBuildPhase section */

/* Begin PBXVariantGroup section */
		4FF08E901D1D5827007010D2 /* Main.storyboard */ = {
			isa = PBXVariantGroup;
			children = (
				4FF08E911D1D5827007010D2 /* Base */,
			);
			name = Main.storyboard;
			sourceTree = "<group>";
		};
		4FF08E951D1D5827007010D2 /* LaunchScreen.storyboard */ = {
			isa = PBXVariantGroup;
			children = (
				4FF08E961D1D5827007010D2 /* Base */,
			);
			name = LaunchScreen.storyboard;
			sourceTree = "<group>";
		};
/* End PBXVariantGroup section */

/* Begin XCBuildConfiguration section */
		4FF08E991D1D5827007010D2 /* Debug */ = {
			isa = XCBuildConfiguration;
			buildSettings = {
				ALWAYS_SEARCH_USER_PATHS = NO;
				CLANG_ANALYZER_NONNULL = YES;
				CLANG_CXX_LANGUAGE_STANDARD = "gnu++0x";
				CLANG_CXX_LIBRARY = "libc++";
				CLANG_ENABLE_MODULES = YES;
				CLANG_ENABLE_OBJC_ARC = YES;
				CLANG_WARN_BOOL_CONVERSION = YES;
				CLANG_WARN_CONSTANT_CONVERSION = YES;
				CLANG_WARN_DIRECT_OBJC_ISA_USAGE = YES_ERROR;
				CLANG_WARN_EMPTY_BODY = YES;
				CLANG_WARN_ENUM_CONVERSION = YES;
				CLANG_WARN_INT_CONVERSION = YES;
				CLANG_WARN_OBJC_ROOT_CLASS = YES_ERROR;
				CLANG_WARN_UNREACHABLE_CODE = YES;
				CLANG_WARN__DUPLICATE_METHOD_MATCH = YES;
				"CODE_SIGN_IDENTITY[sdk=iphoneos*]" = "iPhone Developer";
				COPY_PHASE_STRIP = NO;
				DEBUG_INFORMATION_FORMAT = dwarf;
				ENABLE_STRICT_OBJC_MSGSEND = YES;
				ENABLE_TESTABILITY = YES;
				GCC_C_LANGUAGE_STANDARD = gnu99;
				GCC_DYNAMIC_NO_PIC = NO;
				GCC_NO_COMMON_BLOCKS = YES;
				GCC_OPTIMIZATION_LEVEL = 0;
				GCC_PREPROCESSOR_DEFINITIONS = (
					"DEBUG=1",
					"$(inherited)",
				);
				GCC_WARN_64_TO_32_BIT_CONVERSION = YES;
				GCC_WARN_ABOUT_RETURN_TYPE = YES_ERROR;
				GCC_WARN_UNDECLARED_SELECTOR = YES;
				GCC_WARN_UNINITIALIZED_AUTOS = YES_AGGRESSIVE;
				GCC_WARN_UNUSED_FUNCTION = YES;
				GCC_WARN_UNUSED_VARIABLE = YES;
				IPHONEOS_DEPLOYMENT_TARGET = 9.3;
				MTL_ENABLE_DEBUG_INFO = YES;
				ONLY_ACTIVE_ARCH = YES;
				SDKROOT = iphoneos;
				SWIFT_OPTIMIZATION_LEVEL = "-Onone";
			};
			name = Debug;
		};
		4FF08E9A1D1D5827007010D2 /* Release */ = {
			isa = XCBuildConfiguration;
			buildSettings = {
				ALWAYS_SEARCH_USER_PATHS = NO;
				CLANG_ANALYZER_NONNULL = YES;
				CLANG_CXX_LANGUAGE_STANDARD = "gnu++0x";
				CLANG_CXX_LIBRARY = "libc++";
				CLANG_ENABLE_MODULES = YES;
				CLANG_ENABLE_OBJC_ARC = YES;
				CLANG_WARN_BOOL_CONVERSION = YES;
				CLANG_WARN_CONSTANT_CONVERSION = YES;
				CLANG_WARN_DIRECT_OBJC_ISA_USAGE = YES_ERROR;
				CLANG_WARN_EMPTY_BODY = YES;
				CLANG_WARN_ENUM_CONVERSION = YES;
				CLANG_WARN_INT_CONVERSION = YES;
				CLANG_WARN_OBJC_ROOT_CLASS = YES_ERROR;
				CLANG_WARN_UNREACHABLE_CODE = YES;
				CLANG_WARN__DUPLICATE_METHOD_MATCH = YES;
				"CODE_SIGN_IDENTITY[sdk=iphoneos*]" = "iPhone Developer";
				COPY_PHASE_STRIP = NO;
				DEBUG_INFORMATION_FORMAT = "dwarf-with-dsym";
				ENABLE_NS_ASSERTIONS = NO;
				ENABLE_STRICT_OBJC_MSGSEND = YES;
				GCC_C_LANGUAGE_STANDARD = gnu99;
				GCC_NO_COMMON_BLOCKS = YES;
				GCC_WARN_64_TO_32_BIT_CONVERSION = YES;
				GCC_WARN_ABOUT_RETURN_TYPE = YES_ERROR;
				GCC_WARN_UNDECLARED_SELECTOR = YES;
				GCC_WARN_UNINITIALIZED_AUTOS = YES_AGGRESSIVE;
				GCC_WARN_UNUSED_FUNCTION = YES;
				GCC_WARN_UNUSED_VARIABLE = YES;
				IPHONEOS_DEPLOYMENT_TARGET = 9.3;
				MTL_ENABLE_DEBUG_INFO = NO;
				SDKROOT = iphoneos;
				VALIDATE_PRODUCT = YES;
			};
			name = Release;
		};
		4FF08E9C1D1D5827007010D2 /* Debug */ = {
			isa = XCBuildConfiguration;
			buildSettings = {
				ASSETCATALOG_COMPILER_APPICON_NAME = AppIcon;
				INFOPLIST_FILE = GcellExampleFrameworkUse/Info.plist;
				LD_RUNPATH_SEARCH_PATHS = "$(inherited) @executable_path/Frameworks";
				PRODUCT_BUNDLE_IDENTIFIER = GCell.GcellExampleFrameworkUse;
				PRODUCT_NAME = "$(TARGET_NAME)";
			};
			name = Debug;
		};
		4FF08E9D1D1D5827007010D2 /* Release */ = {
			isa = XCBuildConfiguration;
			buildSettings = {
				ASSETCATALOG_COMPILER_APPICON_NAME = AppIcon;
				INFOPLIST_FILE = GcellExampleFrameworkUse/Info.plist;
				LD_RUNPATH_SEARCH_PATHS = "$(inherited) @executable_path/Frameworks";
				PRODUCT_BUNDLE_IDENTIFIER = GCell.GcellExampleFrameworkUse;
				PRODUCT_NAME = "$(TARGET_NAME)";
			};
			name = Release;
		};
/* End XCBuildConfiguration section */

/* Begin XCConfigurationList section */
		4FF08E841D1D5827007010D2 /* Build configuration list for PBXProject "GcellExampleFrameworkUse" */ = {
			isa = XCConfigurationList;
			buildConfigurations = (
				4FF08E991D1D5827007010D2 /* Debug */,
				4FF08E9A1D1D5827007010D2 /* Release */,
			);
			defaultConfigurationIsVisible = 0;
			defaultConfigurationName = Release;
		};
		4FF08E9B1D1D5827007010D2 /* Build configuration list for PBXNativeTarget "GcellExampleFrameworkUse" */ = {
			isa = XCConfigurationList;
			buildConfigurations = (
				4FF08E9C1D1D5827007010D2 /* Debug */,
				4FF08E9D1D1D5827007010D2 /* Release */,
			);
			defaultConfigurationIsVisible = 0;
		};
/* End XCConfigurationList section */
	};
	rootObject = 4FF08E811D1D5827007010D2 /* Project object */;
}
